
Microsoft Visual Studio Solution File, Format Version 12.00
# Visual Studio Version 16
VisualStudioVersion = 16.0.30907.101
MinimumVisualStudioVersion = 10.0.40219.1
Project("{8BC9CEB8-8B4A-11D0-8D11-00A0C91BC942}") = "QG第一次作业", "QG第一次作业.vcxproj", "{10755A83-94F9-46C7-B70B-E9E1142B29F0}"
EndProject
Global
	GlobalSection(SolutionConfigurationPlatforms) = preSolution
		Debug|x64 = Debug|x64
		Debug|x86 = Debug|x86
		Release|x64 = Release|x64
		Release|x86 = Release|x86
	EndGlobalSection
	GlobalSection(ProjectConfigurationPlatforms) = postSolution
		{10755A83-94F9-46C7-B70B-E9E1142B29F0}.Debug|x64.ActiveCfg = Debug|x64
		{10755A83-94F9-46C7-B70B-E9E1142B29F0}.Debug|x64.Build.0 = Debug|x64
		{10755A83-94F9-46C7-B70B-E9E1142B29F0}.Debug|x86.ActiveCfg = Debug|Win32
		{10755A83-94F9-46C7-B70B-E9E1142B29F0}.Debug|x86.Build.0 = Debug|Win32
		{10755A83-94F9-46C7-B70B-E9E1142B29F0}.Release|x64.ActiveCfg = Release|x64
		{10755A83-94F9-46C7-B70B-E9E1142B29F0}.Release|x64.Build.0 = Release|x64
		{10755A83-94F9-46C7-B70B-E9E1142B29F0}.Release|x86.ActiveCfg = Release|Win32
		{10755A83-94F9-46C7-B70B-E9E1142B29F0}.Release|x86.Build.0 = Release|Win32
	EndGlobalSection
	GlobalSection(SolutionProperties) = preSolution
		HideSolutionNode = FALSE
	EndGlobalSection
	GlobalSection(ExtensibilityGlobals) = postSolution
		SolutionGuid = {1E967D98-2CB0-4F05-AAD9-5DF23884A56F}
	EndGlobalSection
EndGlobal
